
Microsoft Visual Studio Solution File, Format Version 12.00
# Visual Studio Version 17
VisualStudioVersion = 17.10.35013.160
MinimumVisualStudioVersion = 10.0.40219.1
Project("{FAE04EC0-301F-11D3-BF4B-00C04F79EFBC}") = "200584677", "200584677.csproj", "{33E6B1AB-DD07-47AB-98AA-F3ED7E9EA889}"
EndProject
Global
	GlobalSection(SolutionConfigurationPlatforms) = preSolution
		Debug|Any CPU = Debug|Any CPU
		Release|Any CPU = Release|Any CPU
	EndGlobalSection
	GlobalSection(ProjectConfigurationPlatforms) = postSolution
		{33E6B1AB-DD07-47AB-98AA-F3ED7E9EA889}.Debug|Any CPU.ActiveCfg = Debug|Any CPU
		{33E6B1AB-DD07-47AB-98AA-F3ED7E9EA889}.Debug|Any CPU.Build.0 = Debug|Any CPU
		{33E6B1AB-DD07-47AB-98AA-F3ED7E9EA889}.Release|Any CPU.ActiveCfg = Release|Any CPU
		{33E6B1AB-DD07-47AB-98AA-F3ED7E9EA889}.Release|Any CPU.Build.0 = Release|Any CPU
	EndGlobalSection
	GlobalSection(SolutionProperties) = preSolution
		HideSolutionNode = FALSE
	EndGlobalSection
	GlobalSection(ExtensibilityGlobals) = postSolution
		SolutionGuid = {8953675F-6646-4750-BF70-11283A1AE135}
	EndGlobalSection
EndGlobal
